# @generated - this file is auto-generated by `mise lock` https://mise.jdx.dev/dev-tools/mise-lock.html

[[tools."github:tailwindlabs/tailwindcss"]]
version = "4.3.3"
backend = "github:tailwindlabs/tailwindcss"

[tools."github:tailwindlabs/tailwindcss"."platforms.linux-x64"]
checksum = "sha256:dc61b3ac6b8c9ca874c0cc4c57b2409791a64c5540404ca5f5367360babc313a"
url = "https://github.com/tailwindlabs/tailwindcss/releases/download/v4.3.3/tailwindcss-linux-x64"
url_api = "https://api.github.com/repos/tailwindlabs/tailwindcss/releases/assets/479118279"

[tools."github:tailwindlabs/tailwindcss"."platforms.macos-arm64"]
checksum = "sha256:cdf646702987a743464dff4d9c60fd4480d1c1e73dd819a9a67f1078815dce9d"
url = "https://github.com/tailwindlabs/tailwindcss/releases/download/v4.3.3/tailwindcss-macos-arm64"
url_api = "https://api.github.com/repos/tailwindlabs/tailwindcss/releases/assets/479118290"

[[tools.go]]
version = "1.27.2"
backend = "core:go"

[tools.go."platforms.linux-x64"]
checksum = "sha256:ecbadb99091a3f46e31f5f934b068b1864eafa7995211b39eaddf76996045fe5"
url = "https://dl.google.com/go/go1.27.2.linux-amd64.tar.gz"

[tools.go."platforms.macos-arm64"]
checksum = "sha256:76812b213b1b2302c978d28fa52fa92d541704b9e7d9d5db8002c50e4018c4c5"
url = "https://dl.google.com/go/go1.27.2.darwin-arm64.tar.gz"

[[tools."go:golang.org/x/vuln/cmd/govulncheck"]]
version = "1.5.0"
backend = "go:golang.org/x/vuln/cmd/govulncheck"

[[tools."go:sigs.k8s.io/controller-runtime/tools/setup-envtest"]]
version = "release-0.24"
backend = "go:sigs.k8s.io/controller-runtime/tools/setup-envtest"

[[tools.golangci-lint]]
version = "2.14.0"
backend = "aqua:golangci/golangci-lint"

[tools.golangci-lint."platforms.linux-x64"]
checksum = "sha256:ab90aeb7b066f92a33415b638a50fe5344bbb75a0d32ad30cc248d88f81032ab"
url = "https://github.com/golangci/golangci-lint/releases/download/v2.14.0/golangci-lint-2.14.0-linux-amd64.tar.gz"
url_api = "https://api.github.com/repos/golangci/golangci-lint/releases/assets/585813815"
provenance = "github-attestations"

[tools.golangci-lint."platforms.macos-arm64"]
checksum = "sha256:5ef5f36a7147e91dc58ef9ef4d11bb7bad5ead0c76eb6c01327a73c641d1dcc3"
url = "https://github.com/golangci/golangci-lint/releases/download/v2.14.0/golangci-lint-2.14.0-darwin-arm64.tar.gz"
url_api = "https://api.github.com/repos/golangci/golangci-lint/releases/assets/585813591"
provenance = "github-attestations"

[[tools.helm]]
version = "4.3.0"
backend = "aqua:helm/helm"

[tools.helm."platforms.linux-x64"]
checksum = "sha256:86584a54def73570558f66f5111cc53dfed56689637ae32c1201205d494f54fb"
url = "https://get.helm.sh/helm-v4.3.0-linux-amd64.tar.gz"

[tools.helm."platforms.macos-arm64"]
checksum = "sha256:d3870437e1e95b67f8edbde964156c84a26503f560821d40c542441658934fba"
url = "https://get.helm.sh/helm-v4.3.0-darwin-arm64.tar.gz"

[[tools.ko]]
version = "0.19.1"
backend = "aqua:ko-build/ko"

[tools.ko."platforms.linux-x64"]
checksum = "sha256:635ac6ea3fd376c935fee597fbb29ab2c2449f49ef1655085fe3aa9c25fed7a5"
url = "https://github.com/ko-build/ko/releases/download/v0.19.1/ko_0.19.1_Linux_x86_64.tar.gz"
url_api = "https://api.github.com/repos/ko-build/ko/releases/assets/461171792"

[tools.ko."platforms.linux-x64".provenance.slsa]
url = "https://github.com/ko-build/ko/releases/download/v0.19.1/multiple.intoto.jsonl"

[tools.ko."platforms.macos-arm64"]
checksum = "sha256:a1338c4140c8c94e789733e21b161a3de177b467cd3c388b634fe1a869574509"
url = "https://github.com/ko-build/ko/releases/download/v0.19.1/ko_0.19.1_Darwin_arm64.tar.gz"
url_api = "https://api.github.com/repos/ko-build/ko/releases/assets/461171820"

[tools.ko."platforms.macos-arm64".provenance.slsa]
url = "https://github.com/ko-build/ko/releases/download/v0.19.1/multiple.intoto.jsonl"
